// !$*UTF8*$!
{
	archiveVersion = 1;
	classes = {
	};
	objectVersion = 48;
	objects = {

/* Begin PBXBuildFile section */
		63DFAD3C206EAEF400F20F01 /* AppDelegate.swift in Sources */ = {isa = PBXBuildFile; fileRef = 63DFAD3B206EAEF400F20F01 /* AppDelegate.swift */; };
		63DFAD3E206EAEF400F20F01 /* TransactionListViewController.swift in Sources */ = {isa = PBXBuildFile; fileRef = 63DFAD3D206EAEF400F20F01 /* TransactionListViewController.swift */; };
		63DFAD41206EAEF400F20F01 /* Main.storyboard in Resources */ = {isa = PBXBuildFile; fileRef = 63DFAD3F206EAEF400F20F01 /* Main.storyboard */; };
		63DFAD43206EAEF400F20F01 /* Assets.xcassets in Resources */ = {isa = PBXBuildFile; fileRef = 63DFAD42206EAEF400F20F01 /* Assets.xcassets */; };
		63DFAD46206EAEF400F20F01 /* LaunchScreen.storyboard in Resources */ = {isa = PBXBuildFile; fileRef = 63DFAD44206EAEF400F20F01 /* LaunchScreen.storyboard */; };
		63DFAD51206EAEF400F20F01 /* TransactionModelTests.swift in Sources */ = {isa = PBXBuildFile; fileRef = 63DFAD50206EAEF400F20F01 /* TransactionModelTests.swift */; };
		63DFAD5D206EB37C00F20F01 /* BlockchainAPI.swift in Sources */ = {isa = PBXBuildFile; fileRef = 63DFAD5C206EB37C00F20F01 /* BlockchainAPI.swift */; };
		63DFAD61206F268400F20F01 /* Transaction.swift in Sources */ = {isa = PBXBuildFile; fileRef = 63DFAD60206F268400F20F01 /* Transaction.swift */; };
		63DFAD66206F305E00F20F01 /* APIResult.swift in Sources */ = {isa = PBXBuildFile; fileRef = 63DFAD65206F305E00F20F01 /* APIResult.swift */; };
		63DFAD68206F33D100F20F01 /* Wallet.swift in Sources */ = {isa = PBXBuildFile; fileRef = 63DFAD67206F33D100F20F01 /* Wallet.swift */; };
		63DFAD6A206F341900F20F01 /* WalletTests.swift in Sources */ = {isa = PBXBuildFile; fileRef = 63DFAD69206F341900F20F01 /* WalletTests.swift */; };
		63DFAD6C206FFF4C00F20F01 /* MultiAddressResponse.swift in Sources */ = {isa = PBXBuildFile; fileRef = 63DFAD6B206FFF4C00F20F01 /* MultiAddressResponse.swift */; };
		63DFAD6E206FFF6F00F20F01 /* APITests.swift in Sources */ = {isa = PBXBuildFile; fileRef = 63DFAD6D206FFF6F00F20F01 /* APITests.swift */; };
		63DFAD702070072200F20F01 /* HTTPRequester.swift in Sources */ = {isa = PBXBuildFile; fileRef = 63DFAD6F2070072200F20F01 /* HTTPRequester.swift */; };
		63DFAD73207009F300F20F01 /* multi_addr_stub.json in Resources */ = {isa = PBXBuildFile; fileRef = 63DFAD72207009F300F20F01 /* multi_addr_stub.json */; };
		63DFAD7520700A2500F20F01 /* BaseTest.swift in Sources */ = {isa = PBXBuildFile; fileRef = 63DFAD7420700A2500F20F01 /* BaseTest.swift */; };
/* End PBXBuildFile section */

/* Begin PBXContainerItemProxy section */
		63DFAD4D206EAEF400F20F01 /* PBXContainerItemProxy */ = {
			isa = PBXContainerItemProxy;
			containerPortal = 63DFAD30206EAEF400F20F01 /* Project object */;
			proxyType = 1;
			remoteGlobalIDString = 63DFAD37206EAEF400F20F01;
			remoteInfo = CodeChallenge;
		};
/* End PBXContainerItemProxy section */

/* Begin PBXFileReference section */
		63DFAD38206EAEF400F20F01 /* CodeChallenge.app */ = {isa = PBXFileReference; explicitFileType = wrapper.application; includeInIndex = 0; path = CodeChallenge.app; sourceTree = BUILT_PRODUCTS_DIR; };
		63DFAD3B206EAEF400F20F01 /* AppDelegate.swift */ = {isa = PBXFileReference; lastKnownFileType = sourcecode.swift; path = AppDelegate.swift; sourceTree = "<group>"; };
		63DFAD3D206EAEF400F20F01 /* TransactionListViewController.swift */ = {isa = PBXFileReference; lastKnownFileType = sourcecode.swift; path = TransactionListViewController.swift; sourceTree = "<group>"; };
		63DFAD40206EAEF400F20F01 /* Base */ = {isa = PBXFileReference; lastKnownFileType = file.storyboard; name = Base; path = Base.lproj/Main.storyboard; sourceTree = "<group>"; };
		63DFAD42206EAEF400F20F01 /* Assets.xcassets */ = {isa = PBXFileReference; lastKnownFileType = folder.assetcatalog; path = Assets.xcassets; sourceTree = "<group>"; };
		63DFAD45206EAEF400F20F01 /* Base */ = {isa = PBXFileReference; lastKnownFileType = file.storyboard; name = Base; path = Base.lproj/LaunchScreen.storyboard; sourceTree = "<group>"; };
		63DFAD47206EAEF400F20F01 /* Info.plist */ = {isa = PBXFileReference; lastKnownFileType = text.plist.xml; path = Info.plist; sourceTree = "<group>"; };
		63DFAD4C206EAEF400F20F01 /* CodeChallengeTests.xctest */ = {isa = PBXFileReference; explicitFileType = wrapper.cfbundle; includeInIndex = 0; path = CodeChallengeTests.xctest; sourceTree = BUILT_PRODUCTS_DIR; };
		63DFAD50206EAEF400F20F01 /* TransactionModelTests.swift */ = {isa = PBXFileReference; lastKnownFileType = sourcecode.swift; path = TransactionModelTests.swift; sourceTree = "<group>"; };
		63DFAD52206EAEF400F20F01 /* Info.plist */ = {isa = PBXFileReference; lastKnownFileType = text.plist.xml; path = Info.plist; sourceTree = "<group>"; };
		63DFAD5C206EB37C00F20F01 /* BlockchainAPI.swift */ = {isa = PBXFileReference; lastKnownFileType = sourcecode.swift; path = BlockchainAPI.swift; sourceTree = "<group>"; };
		63DFAD60206F268400F20F01 /* Transaction.swift */ = {isa = PBXFileReference; lastKnownFileType = sourcecode.swift; path = Transaction.swift; sourceTree = "<group>"; };
		63DFAD65206F305E00F20F01 /* APIResult.swift */ = {isa = PBXFileReference; lastKnownFileType = sourcecode.swift; path = APIResult.swift; sourceTree = "<group>"; };
		63DFAD67206F33D100F20F01 /* Wallet.swift */ = {isa = PBXFileReference; lastKnownFileType = sourcecode.swift; path = Wallet.swift; sourceTree = "<group>"; };
		63DFAD69206F341900F20F01 /* WalletTests.swift */ = {isa = PBXFileReference; lastKnownFileType = sourcecode.swift; path = WalletTests.swift; sourceTree = "<group>"; };
		63DFAD6B206FFF4C00F20F01 /* MultiAddressResponse.swift */ = {isa = PBXFileReference; lastKnownFileType = sourcecode.swift; path = MultiAddressResponse.swift; sourceTree = "<group>"; };
		63DFAD6D206FFF6F00F20F01 /* APITests.swift */ = {isa = PBXFileReference; lastKnownFileType = sourcecode.swift; path = APITests.swift; sourceTree = "<group>"; };
		63DFAD6F2070072200F20F01 /* HTTPRequester.swift */ = {isa = PBXFileReference; lastKnownFileType = sourcecode.swift; path = HTTPRequester.swift; sourceTree = "<group>"; };
		63DFAD72207009F300F20F01 /* multi_addr_stub.json */ = {isa = PBXFileReference; fileEncoding = 4; lastKnownFileType = text.json; path = multi_addr_stub.json; sourceTree = "<group>"; };
		63DFAD7420700A2500F20F01 /* BaseTest.swift */ = {isa = PBXFileReference; lastKnownFileType = sourcecode.swift; path = BaseTest.swift; sourceTree = "<group>"; };
/* End PBXFileReference section */

/* Begin PBXFrameworksBuildPhase section */
		63DFAD35206EAEF400F20F01 /* Frameworks */ = {
			isa = PBXFrameworksBuildPhase;
			buildActionMask = 2147483647;
			files = (
			);
			runOnlyForDeploymentPostprocessing = 0;
		};
		63DFAD49206EAEF400F20F01 /* Frameworks */ = {
			isa = PBXFrameworksBuildPhase;
			buildActionMask = 2147483647;
			files = (
			);
			runOnlyForDeploymentPostprocessing = 0;
		};
/* End PBXFrameworksBuildPhase section */

/* Begin PBXGroup section */
		63DFAD2F206EAEF400F20F01 = {
			isa = PBXGroup;
			children = (
				63DFAD3A206EAEF400F20F01 /* CodeChallenge */,
				63DFAD4F206EAEF400F20F01 /* CodeChallengeTests */,
				63DFAD39206EAEF400F20F01 /* Products */,
			);
			sourceTree = "<group>";
		};
		63DFAD39206EAEF400F20F01 /* Products */ = {
			isa = PBXGroup;
			children = (
				63DFAD38206EAEF400F20F01 /* CodeChallenge.app */,
				63DFAD4C206EAEF400F20F01 /* CodeChallengeTests.xctest */,
			);
			name = Products;
			sourceTree = "<group>";
		};
		63DFAD3A206EAEF400F20F01 /* CodeChallenge */ = {
			isa = PBXGroup;
			children = (
				63DFAD47206EAEF400F20F01 /* Info.plist */,
				63DFAD3B206EAEF400F20F01 /* AppDelegate.swift */,
				63DFAD3D206EAEF400F20F01 /* TransactionListViewController.swift */,
				63DFAD5F206F266800F20F01 /* Models */,
				63DFAD5E206F263D00F20F01 /* Networking */,
				63DFAD5B206EB01100F20F01 /* Resources */,
			);
			path = CodeChallenge;
			sourceTree = "<group>";
		};
		63DFAD4F206EAEF400F20F01 /* CodeChallengeTests */ = {
			isa = PBXGroup;
			children = (
				63DFAD71207009D600F20F01 /* Stubs */,
				63DFAD6D206FFF6F00F20F01 /* APITests.swift */,
				63DFAD7420700A2500F20F01 /* BaseTest.swift */,
				63DFAD50206EAEF400F20F01 /* TransactionModelTests.swift */,
				63DFAD69206F341900F20F01 /* WalletTests.swift */,
				63DFAD52206EAEF400F20F01 /* Info.plist */,
			);
			path = CodeChallengeTests;
			sourceTree = "<group>";
		};
		63DFAD5B206EB01100F20F01 /* Resources */ = {
			isa = PBXGroup;
			children = (
				63DFAD3F206EAEF400F20F01 /* Main.storyboard */,
				63DFAD42206EAEF400F20F01 /* Assets.xcassets */,
				63DFAD44206EAEF400F20F01 /* LaunchScreen.storyboard */,
			);
			path = Resources;
			sourceTree = "<group>";
		};
		63DFAD5E206F263D00F20F01 /* Networking */ = {
			isa = PBXGroup;
			children = (
				63DFAD5C206EB37C00F20F01 /* BlockchainAPI.swift */,
				63DFAD6F2070072200F20F01 /* HTTPRequester.swift */,
			);
			path = Networking;
			sourceTree = "<group>";
		};
		63DFAD5F206F266800F20F01 /* Models */ = {
			isa = PBXGroup;
			children = (
				63DFAD65206F305E00F20F01 /* APIResult.swift */,
				63DFAD6B206FFF4C00F20F01 /* MultiAddressResponse.swift */,
				63DFAD60206F268400F20F01 /* Transaction.swift */,
				63DFAD67206F33D100F20F01 /* Wallet.swift */,
			);
			path = Models;
			sourceTree = "<group>";
		};
		63DFAD71207009D600F20F01 /* Stubs */ = {
			isa = PBXGroup;
			children = (
				63DFAD72207009F300F20F01 /* multi_addr_stub.json */,
			);
			path = Stubs;
			sourceTree = "<group>";
		};
/* End PBXGroup section */

/* Begin PBXNativeTarget section */
		63DFAD37206EAEF400F20F01 /* CodeChallenge */ = {
			isa = PBXNativeTarget;
			buildConfigurationList = 63DFAD55206EAEF400F20F01 /* Build configuration list for PBXNativeTarget "CodeChallenge" */;
			buildPhases = (
				63DFAD34206EAEF400F20F01 /* Sources */,
				63DFAD35206EAEF400F20F01 /* Frameworks */,
				63DFAD36206EAEF400F20F01 /* Resources */,
			);
			buildRules = (
			);
			dependencies = (
			);
			name = CodeChallenge;
			productName = CodeChallenge;
			productReference = 63DFAD38206EAEF400F20F01 /* CodeChallenge.app */;
			productType = "com.apple.product-type.application";
		};
		63DFAD4B206EAEF400F20F01 /* CodeChallengeTests */ = {
			isa = PBXNativeTarget;
			buildConfigurationList = 63DFAD58206EAEF400F20F01 /* Build configuration list for PBXNativeTarget "CodeChallengeTests" */;
			buildPhases = (
				63DFAD48206EAEF400F20F01 /* Sources */,
				63DFAD49206EAEF400F20F01 /* Frameworks */,
				63DFAD4A206EAEF400F20F01 /* Resources */,
			);
			buildRules = (
			);
			dependencies = (
				63DFAD4E206EAEF400F20F01 /* PBXTargetDependency */,
			);
			name = CodeChallengeTests;
			productName = CodeChallengeTests;
			productReference = 63DFAD4C206EAEF400F20F01 /* CodeChallengeTests.xctest */;
			productType = "com.apple.product-type.bundle.unit-test";
		};
/* End PBXNativeTarget section */

/* Begin PBXProject section */
		63DFAD30206EAEF400F20F01 /* Project object */ = {
			isa = PBXProject;
			attributes = {
				LastSwiftUpdateCheck = 0920;
				LastUpgradeCheck = 0920;
				ORGANIZATIONNAME = "Chris Manahan";
				TargetAttributes = {
					63DFAD37206EAEF400F20F01 = {
						CreatedOnToolsVersion = 9.2;
						ProvisioningStyle = Automatic;
					};
					63DFAD4B206EAEF400F20F01 = {
						CreatedOnToolsVersion = 9.2;
						ProvisioningStyle = Automatic;
						TestTargetID = 63DFAD37206EAEF400F20F01;
					};
				};
			};
			buildConfigurationList = 63DFAD33206EAEF400F20F01 /* Build configuration list for PBXProject "CodeChallenge" */;
			compatibilityVersion = "Xcode 8.0";
			developmentRegion = en;
			hasScannedForEncodings = 0;
			knownRegions = (
				en,
				Base,
			);
			mainGroup = 63DFAD2F206EAEF400F20F01;
			productRefGroup = 63DFAD39206EAEF400F20F01 /* Products */;
			projectDirPath = "";
			projectRoot = "";
			targets = (
				63DFAD37206EAEF400F20F01 /* CodeChallenge */,
				63DFAD4B206EAEF400F20F01 /* CodeChallengeTests */,
			);
		};
/* End PBXProject section */

/* Begin PBXResourcesBuildPhase section */
		63DFAD36206EAEF400F20F01 /* Resources */ = {
			isa = PBXResourcesBuildPhase;
			buildActionMask = 2147483647;
			files = (
				63DFAD46206EAEF400F20F01 /* LaunchScreen.storyboard in Resources */,
				63DFAD43206EAEF400F20F01 /* Assets.xcassets in Resources */,
				63DFAD41206EAEF400F20F01 /* Main.storyboard in Resources */,
			);
			runOnlyForDeploymentPostprocessing = 0;
		};
		63DFAD4A206EAEF400F20F01 /* Resources */ = {
			isa = PBXResourcesBuildPhase;
			buildActionMask = 2147483647;
			files = (
				63DFAD73207009F300F20F01 /* multi_addr_stub.json in Resources */,
			);
			runOnlyForDeploymentPostprocessing = 0;
		};
/* End PBXResourcesBuildPhase section */

/* Begin PBXSourcesBuildPhase section */
		63DFAD34206EAEF400F20F01 /* Sources */ = {
			isa = PBXSourcesBuildPhase;
			buildActionMask = 2147483647;
			files = (
				63DFAD68206F33D100F20F01 /* Wallet.swift in Sources */,
				63DFAD5D206EB37C00F20F01 /* BlockchainAPI.swift in Sources */,
				63DFAD66206F305E00F20F01 /* APIResult.swift in Sources */,
				63DFAD6C206FFF4C00F20F01 /* MultiAddressResponse.swift in Sources */,
				63DFAD3E206EAEF400F20F01 /* TransactionListViewController.swift in Sources */,
				63DFAD61206F268400F20F01 /* Transaction.swift in Sources */,
				63DFAD702070072200F20F01 /* HTTPRequester.swift in Sources */,
				63DFAD3C206EAEF400F20F01 /* AppDelegate.swift in Sources */,
			);
			runOnlyForDeploymentPostprocessing = 0;
		};
		63DFAD48206EAEF400F20F01 /* Sources */ = {
			isa = PBXSourcesBuildPhase;
			buildActionMask = 2147483647;
			files = (
				63DFAD7520700A2500F20F01 /* BaseTest.swift in Sources */,
				63DFAD6A206F341900F20F01 /* WalletTests.swift in Sources */,
				63DFAD51206EAEF400F20F01 /* TransactionModelTests.swift in Sources */,
				63DFAD6E206FFF6F00F20F01 /* APITests.swift in Sources */,
			);
			runOnlyForDeploymentPostprocessing = 0;
		};
/* End PBXSourcesBuildPhase section */

/* Begin PBXTargetDependency section */
		63DFAD4E206EAEF400F20F01 /* PBXTargetDependency */ = {
			isa = PBXTargetDependency;
			target = 63DFAD37206EAEF400F20F01 /* CodeChallenge */;
			targetProxy = 63DFAD4D206EAEF400F20F01 /* PBXContainerItemProxy */;
		};
/* End PBXTargetDependency section */

/* Begin PBXVariantGroup section */
		63DFAD3F206EAEF400F20F01 /* Main.storyboard */ = {
			isa = PBXVariantGroup;
			children = (
				63DFAD40206EAEF400F20F01 /* Base */,
			);
			name = Main.storyboard;
			sourceTree = "<group>";
		};
		63DFAD44206EAEF400F20F01 /* LaunchScreen.storyboard */ = {
			isa = PBXVariantGroup;
			children = (
				63DFAD45206EAEF400F20F01 /* Base */,
			);
			name = LaunchScreen.storyboard;
			sourceTree = "<group>";
		};
/* End PBXVariantGroup section */

/* Begin XCBuildConfiguration section */
		63DFAD53206EAEF400F20F01 /* Debug */ = {
			isa = XCBuildConfiguration;
			buildSettings = {
				ALWAYS_SEARCH_USER_PATHS = NO;
				CLANG_ANALYZER_NONNULL = YES;
				CLANG_ANALYZER_NUMBER_OBJECT_CONVERSION = YES_AGGRESSIVE;
				CLANG_CXX_LANGUAGE_STANDARD = "gnu++14";
				CLANG_CXX_LIBRARY = "libc++";
				CLANG_ENABLE_MODULES = YES;
				CLANG_ENABLE_OBJC_ARC = YES;
				CLANG_WARN_BLOCK_CAPTURE_AUTORELEASING = YES;
				CLANG_WARN_BOOL_CONVERSION = YES;
				CLANG_WARN_COMMA = YES;
				CLANG_WARN_CONSTANT_CONVERSION = YES;
				CLANG_WARN_DIRECT_OBJC_ISA_USAGE = YES_ERROR;
				CLANG_WARN_DOCUMENTATION_COMMENTS = YES;
				CLANG_WARN_EMPTY_BODY = YES;
				CLANG_WARN_ENUM_CONVERSION = YES;
				CLANG_WARN_INFINITE_RECURSION = YES;
				CLANG_WARN_INT_CONVERSION = YES;
				CLANG_WARN_NON_LITERAL_NULL_CONVERSION = YES;
				CLANG_WARN_OBJC_LITERAL_CONVERSION = YES;
				CLANG_WARN_OBJC_ROOT_CLASS = YES_ERROR;
				CLANG_WARN_RANGE_LOOP_ANALYSIS = YES;
				CLANG_WARN_STRICT_PROTOTYPES = YES;
				CLANG_WARN_SUSPICIOUS_MOVE = YES;
				CLANG_WARN_UNGUARDED_AVAILABILITY = YES_AGGRESSIVE;
				CLANG_WARN_UNREACHABLE_CODE = YES;
				CLANG_WARN__DUPLICATE_METHOD_MATCH = YES;
				CODE_SIGN_IDENTITY = "iPhone Developer";
				COPY_PHASE_STRIP = NO;
				DEBUG_INFORMATION_FORMAT = dwarf;
				ENABLE_STRICT_OBJC_MSGSEND = YES;
				ENABLE_TESTABILITY = YES;
				GCC_C_LANGUAGE_STANDARD = gnu11;
				GCC_DYNAMIC_NO_PIC = NO;
				GCC_NO_COMMON_BLOCKS = YES;
				GCC_OPTIMIZATION_LEVEL = 0;
				GCC_PREPROCESSOR_DEFINITIONS = (
					"DEBUG=1",
					"$(inherited)",
				);
				GCC_WARN_64_TO_32_BIT_CONVERSION = YES;
				GCC_WARN_ABOUT_RETURN_TYPE = YES_ERROR;
				GCC_WARN_UNDECLARED_SELECTOR = YES;
				GCC_WARN_UNINITIALIZED_AUTOS = YES_AGGRESSIVE;
				GCC_WARN_UNUSED_FUNCTION = YES;
				GCC_WARN_UNUSED_VARIABLE = YES;
				IPHONEOS_DEPLOYMENT_TARGET = 11.2;
				MTL_ENABLE_DEBUG_INFO = YES;
				ONLY_ACTIVE_ARCH = YES;
				SDKROOT = iphoneos;
				SWIFT_ACTIVE_COMPILATION_CONDITIONS = DEBUG;
				SWIFT_OPTIMIZATION_LEVEL = "-Onone";
			};
			name = Debug;
		};
		63DFAD54206EAEF400F20F01 /* Release */ = {
			isa = XCBuildConfiguration;
			buildSettings = {
				ALWAYS_SEARCH_USER_PATHS = NO;
				CLANG_ANALYZER_NONNULL = YES;
				CLANG_ANALYZER_NUMBER_OBJECT_CONVERSION = YES_AGGRESSIVE;
				CLANG_CXX_LANGUAGE_STANDARD = "gnu++14";
				CLANG_CXX_LIBRARY = "libc++";
				CLANG_ENABLE_MODULES = YES;
				CLANG_ENABLE_OBJC_ARC = YES;
				CLANG_WARN_BLOCK_CAPTURE_AUTORELEASING = YES;
				CLANG_WARN_BOOL_CONVERSION = YES;
				CLANG_WARN_COMMA = YES;
				CLANG_WARN_CONSTANT_CONVERSION = YES;
				CLANG_WARN_DIRECT_OBJC_ISA_USAGE = YES_ERROR;
				CLANG_WARN_DOCUMENTATION_COMMENTS = YES;
				CLANG_WARN_EMPTY_BODY = YES;
				CLANG_WARN_ENUM_CONVERSION = YES;
				CLANG_WARN_INFINITE_RECURSION = YES;
				CLANG_WARN_INT_CONVERSION = YES;
				CLANG_WARN_NON_LITERAL_NULL_CONVERSION = YES;
				CLANG_WARN_OBJC_LITERAL_CONVERSION = YES;
				CLANG_WARN_OBJC_ROOT_CLASS = YES_ERROR;
				CLANG_WARN_RANGE_LOOP_ANALYSIS = YES;
				CLANG_WARN_STRICT_PROTOTYPES = YES;
				CLANG_WARN_SUSPICIOUS_MOVE = YES;
				CLANG_WARN_UNGUARDED_AVAILABILITY = YES_AGGRESSIVE;
				CLANG_WARN_UNREACHABLE_CODE = YES;
				CLANG_WARN__DUPLICATE_METHOD_MATCH = YES;
				CODE_SIGN_IDENTITY = "iPhone Developer";
				COPY_PHASE_STRIP = NO;
				DEBUG_INFORMATION_FORMAT = "dwarf-with-dsym";
				ENABLE_NS_ASSERTIONS = NO;
				ENABLE_STRICT_OBJC_MSGSEND = YES;
				GCC_C_LANGUAGE_STANDARD = gnu11;
				GCC_NO_COMMON_BLOCKS = YES;
				GCC_WARN_64_TO_32_BIT_CONVERSION = YES;
				GCC_WARN_ABOUT_RETURN_TYPE = YES_ERROR;
				GCC_WARN_UNDECLARED_SELECTOR = YES;
				GCC_WARN_UNINITIALIZED_AUTOS = YES_AGGRESSIVE;
				GCC_WARN_UNUSED_FUNCTION = YES;
				GCC_WARN_UNUSED_VARIABLE = YES;
				IPHONEOS_DEPLOYMENT_TARGET = 11.2;
				MTL_ENABLE_DEBUG_INFO = NO;
				SDKROOT = iphoneos;
				SWIFT_OPTIMIZATION_LEVEL = "-Owholemodule";
				VALIDATE_PRODUCT = YES;
			};
			name = Release;
		};
		63DFAD56206EAEF400F20F01 /* Debug */ = {
			isa = XCBuildConfiguration;
			buildSettings = {
				ASSETCATALOG_COMPILER_APPICON_NAME = AppIcon;
				CODE_SIGN_STYLE = Automatic;
				DEVELOPMENT_TEAM = "";
				INFOPLIST_FILE = CodeChallenge/Info.plist;
				LD_RUNPATH_SEARCH_PATHS = "$(inherited) @executable_path/Frameworks";
				PRODUCT_BUNDLE_IDENTIFIER = com.manahan.Blockchain.CodeChallenge;
				PRODUCT_NAME = "$(TARGET_NAME)";
				SWIFT_VERSION = 4.0;
				TARGETED_DEVICE_FAMILY = "1,2";
			};
			name = Debug;
		};
		63DFAD57206EAEF400F20F01 /* Release */ = {
			isa = XCBuildConfiguration;
			buildSettings = {
				ASSETCATALOG_COMPILER_APPICON_NAME = AppIcon;
				CODE_SIGN_STYLE = Automatic;
				DEVELOPMENT_TEAM = "";
				INFOPLIST_FILE = CodeChallenge/Info.plist;
				LD_RUNPATH_SEARCH_PATHS = "$(inherited) @executable_path/Frameworks";
				PRODUCT_BUNDLE_IDENTIFIER = com.manahan.Blockchain.CodeChallenge;
				PRODUCT_NAME = "$(TARGET_NAME)";
				SWIFT_VERSION = 4.0;
				TARGETED_DEVICE_FAMILY = "1,2";
			};
			name = Release;
		};
		63DFAD59206EAEF400F20F01 /* Debug */ = {
			isa = XCBuildConfiguration;
			buildSettings = {
				ALWAYS_EMBED_SWIFT_STANDARD_LIBRARIES = YES;
				BUNDLE_LOADER = "$(TEST_HOST)";
				CODE_SIGN_STYLE = Automatic;
				DEVELOPMENT_TEAM = 9FQ43KL8J8;
				INFOPLIST_FILE = CodeChallengeTests/Info.plist;
				LD_RUNPATH_SEARCH_PATHS = "$(inherited) @executable_path/Frameworks @loader_path/Frameworks";
				PRODUCT_BUNDLE_IDENTIFIER = com.manahan.Blockchain.CodeChallengeTests;
				PRODUCT_NAME = "$(TARGET_NAME)";
				SWIFT_VERSION = 4.0;
				TARGETED_DEVICE_FAMILY = "1,2";
				TEST_HOST = "$(BUILT_PRODUCTS_DIR)/CodeChallenge.app/CodeChallenge";
			};
			name = Debug;
		};
		63DFAD5A206EAEF400F20F01 /* Release */ = {
			isa = XCBuildConfiguration;
			buildSettings = {
				ALWAYS_EMBED_SWIFT_STANDARD_LIBRARIES = YES;
				BUNDLE_LOADER = "$(TEST_HOST)";
				CODE_SIGN_STYLE = Automatic;
				DEVELOPMENT_TEAM = 9FQ43KL8J8;
				INFOPLIST_FILE = CodeChallengeTests/Info.plist;
				LD_RUNPATH_SEARCH_PATHS = "$(inherited) @executable_path/Frameworks @loader_path/Frameworks";
				PRODUCT_BUNDLE_IDENTIFIER = com.manahan.Blockchain.CodeChallengeTests;
				PRODUCT_NAME = "$(TARGET_NAME)";
				SWIFT_VERSION = 4.0;
				TARGETED_DEVICE_FAMILY = "1,2";
				TEST_HOST = "$(BUILT_PRODUCTS_DIR)/CodeChallenge.app/CodeChallenge";
			};
			name = Release;
		};
/* End XCBuildConfiguration section */

/* Begin XCConfigurationList section */
		63DFAD33206EAEF400F20F01 /* Build configuration list for PBXProject "CodeChallenge" */ = {
			isa = XCConfigurationList;
			buildConfigurations = (
				63DFAD53206EAEF400F20F01 /* Debug */,
				63DFAD54206EAEF400F20F01 /* Release */,
			);
			defaultConfigurationIsVisible = 0;
			defaultConfigurationName = Release;
		};
		63DFAD55206EAEF400F20F01 /* Build configuration list for PBXNativeTarget "CodeChallenge" */ = {
			isa = XCConfigurationList;
			buildConfigurations = (
				63DFAD56206EAEF400F20F01 /* Debug */,
				63DFAD57206EAEF400F20F01 /* Release */,
			);
			defaultConfigurationIsVisible = 0;
			defaultConfigurationName = Release;
		};
		63DFAD58206EAEF400F20F01 /* Build configuration list for PBXNativeTarget "CodeChallengeTests" */ = {
			isa = XCConfigurationList;
			buildConfigurations = (
				63DFAD59206EAEF400F20F01 /* Debug */,
				63DFAD5A206EAEF400F20F01 /* Release */,
			);
			defaultConfigurationIsVisible = 0;
			defaultConfigurationName = Release;
		};
/* End XCConfigurationList section */
	};
	rootObject = 63DFAD30206EAEF400F20F01 /* Project object */;
}
